
Microsoft Visual Studio Solution File, Format Version 12.00
# Visual Studio Version 17
VisualStudioVersion = 17.0.31710.8
MinimumVisualStudioVersion = 10.0.40219.1
Project("{FAE04EC0-301F-11D3-BF4B-00C04F79EFBC}") = "Maui.Demo", "Maui.Demo\Maui.Demo.csproj", "{FB363BFF-DAD0-4B7F-B0BB-E09DB9FFFC55}"
EndProject
Project("{FAE04EC0-301F-11D3-BF4B-00C04F79EFBC}") = "Maui.Blazor", "Maui.Blazor\Maui.Blazor.csproj", "{8087AA35-3B5D-4897-A402-B1DD98E738DD}"
EndProject
Global
	GlobalSection(SolutionConfigurationPlatforms) = preSolution
		Debug|Any CPU = Debug|Any CPU
		Release|Any CPU = Release|Any CPU
	EndGlobalSection
	GlobalSection(ProjectConfigurationPlatforms) = postSolution
		{FB363BFF-DAD0-4B7F-B0BB-E09DB9FFFC55}.Debug|Any CPU.ActiveCfg = Debug|Any CPU
		{FB363BFF-DAD0-4B7F-B0BB-E09DB9FFFC55}.Debug|Any CPU.Build.0 = Debug|Any CPU
		{FB363BFF-DAD0-4B7F-B0BB-E09DB9FFFC55}.Release|Any CPU.ActiveCfg = Release|Any CPU
		{FB363BFF-DAD0-4B7F-B0BB-E09DB9FFFC55}.Release|Any CPU.Build.0 = Release|Any CPU
		{8087AA35-3B5D-4897-A402-B1DD98E738DD}.Debug|Any CPU.ActiveCfg = Debug|Any CPU
		{8087AA35-3B5D-4897-A402-B1DD98E738DD}.Debug|Any CPU.Build.0 = Debug|Any CPU
		{8087AA35-3B5D-4897-A402-B1DD98E738DD}.Release|Any CPU.ActiveCfg = Release|Any CPU
		{8087AA35-3B5D-4897-A402-B1DD98E738DD}.Release|Any CPU.Build.0 = Release|Any CPU
	EndGlobalSection
	GlobalSection(SolutionProperties) = preSolution
		HideSolutionNode = FALSE
	EndGlobalSection
	GlobalSection(ExtensibilityGlobals) = postSolution
		SolutionGuid = {32C7BFBB-2CC4-4E8B-9411-FA090CD8985F}
	EndGlobalSection
EndGlobal
